
Microsoft Visual Studio Solution File, Format Version 12.00
# Visual Studio 2012
Project("{FAE04EC0-301F-11D3-BF4B-00C04F79EFBC}") = "ProtoType", "ProtoType\ProtoType.csproj", "{75DD878C-A97D-4D77-A6F1-4F242D453A30}"
EndProject
Project("{FAE04EC0-301F-11D3-BF4B-00C04F79EFBC}") = "ProtoTypeDeepClone", "ProtoTypeDeepClone\ProtoTypeDeepClone.csproj", "{F229346E-0E5A-4813-906E-C634E6A50397}"
EndProject
Global
	GlobalSection(SolutionConfigurationPlatforms) = preSolution
		Debug|Any CPU = Debug|Any CPU
		Release|Any CPU = Release|Any CPU
	EndGlobalSection
	GlobalSection(ProjectConfigurationPlatforms) = postSolution
		{75DD878C-A97D-4D77-A6F1-4F242D453A30}.Debug|Any CPU.ActiveCfg = Debug|Any CPU
		{75DD878C-A97D-4D77-A6F1-4F242D453A30}.Debug|Any CPU.Build.0 = Debug|Any CPU
		{75DD878C-A97D-4D77-A6F1-4F242D453A30}.Release|Any CPU.ActiveCfg = Release|Any CPU
		{75DD878C-A97D-4D77-A6F1-4F242D453A30}.Release|Any CPU.Build.0 = Release|Any CPU
		{F229346E-0E5A-4813-906E-C634E6A50397}.Debug|Any CPU.ActiveCfg = Debug|Any CPU
		{F229346E-0E5A-4813-906E-C634E6A50397}.Debug|Any CPU.Build.0 = Debug|Any CPU
		{F229346E-0E5A-4813-906E-C634E6A50397}.Release|Any CPU.ActiveCfg = Release|Any CPU
		{F229346E-0E5A-4813-906E-C634E6A50397}.Release|Any CPU.Build.0 = Release|Any CPU
	EndGlobalSection
	GlobalSection(SolutionProperties) = preSolution
		HideSolutionNode = FALSE
	EndGlobalSection
EndGlobal
